
Microsoft Visual Studio Solution File, Format Version 12.00
# Visual Studio Version 17
VisualStudioVersion = 17.13.35931.197 d17.13
MinimumVisualStudioVersion = 10.0.40219.1
Project("{FAE04EC0-301F-11D3-BF4B-00C04F79EFBC}") = "GymStore", "GymStore.csproj", "{85A8F5A1-2673-4C9A-A957-764FC6DC7A84}"
EndProject
Global
	GlobalSection(SolutionConfigurationPlatforms) = preSolution
		Debug|Any CPU = Debug|Any CPU
		Release|Any CPU = Release|Any CPU
	EndGlobalSection
	GlobalSection(ProjectConfigurationPlatforms) = postSolution
		{85A8F5A1-2673-4C9A-A957-764FC6DC7A84}.Debug|Any CPU.ActiveCfg = Debug|Any CPU
		{85A8F5A1-2673-4C9A-A957-764FC6DC7A84}.Debug|Any CPU.Build.0 = Debug|Any CPU
		{85A8F5A1-2673-4C9A-A957-764FC6DC7A84}.Release|Any CPU.ActiveCfg = Release|Any CPU
		{85A8F5A1-2673-4C9A-A957-764FC6DC7A84}.Release|Any CPU.Build.0 = Release|Any CPU
	EndGlobalSection
	GlobalSection(SolutionProperties) = preSolution
		HideSolutionNode = FALSE
	EndGlobalSection
	GlobalSection(ExtensibilityGlobals) = postSolution
		SolutionGuid = {8EE5EC1F-2E30-482A-A411-E5DA761513ED}
	EndGlobalSection
EndGlobal
